// !$*UTF8*$!
{
	archiveVersion = 1;
	classes = {
	};
	objectVersion = 50;
	objects = {

/* Begin PBXBuildFile section */
		2C7376ED245109890072F55F /* AppDelegate.swift in Sources */ = {isa = PBXBuildFile; fileRef = 2C7376EC245109890072F55F /* AppDelegate.swift */; };
		2C7376EF245109890072F55F /* SceneDelegate.swift in Sources */ = {isa = PBXBuildFile; fileRef = 2C7376EE245109890072F55F /* SceneDelegate.swift */; };
		2C7376F1245109890072F55F /* CategoryVC.swift in Sources */ = {isa = PBXBuildFile; fileRef = 2C7376F0245109890072F55F /* CategoryVC.swift */; };
		2C7376F4245109890072F55F /* Main.storyboard in Resources */ = {isa = PBXBuildFile; fileRef = 2C7376F2245109890072F55F /* Main.storyboard */; };
		2C7376F62451098B0072F55F /* Assets.xcassets in Resources */ = {isa = PBXBuildFile; fileRef = 2C7376F52451098B0072F55F /* Assets.xcassets */; };
		2C7376F92451098B0072F55F /* LaunchScreen.storyboard in Resources */ = {isa = PBXBuildFile; fileRef = 2C7376F72451098B0072F55F /* LaunchScreen.storyboard */; };
		2C73770224510D3A0072F55F /* CategoryCell.swift in Sources */ = {isa = PBXBuildFile; fileRef = 2C73770024510D3A0072F55F /* CategoryCell.swift */; };
		2C73770324510D3A0072F55F /* CategoryCell.xib in Resources */ = {isa = PBXBuildFile; fileRef = 2C73770124510D3A0072F55F /* CategoryCell.xib */; };
		2C7377052451149F0072F55F /* HeadlinesVC.swift in Sources */ = {isa = PBXBuildFile; fileRef = 2C7377042451149F0072F55F /* HeadlinesVC.swift */; };
		2C737709245115CB0072F55F /* HeadlinesCell.swift in Sources */ = {isa = PBXBuildFile; fileRef = 2C737708245115CB0072F55F /* HeadlinesCell.swift */; };
		2CB387DC24512BAA00BD1907 /* TableViewCell.swift in Sources */ = {isa = PBXBuildFile; fileRef = 2CB387DB24512BAA00BD1907 /* TableViewCell.swift */; };
		2CB387DE24512F3A00BD1907 /* DetailNewsStoryVC.swift in Sources */ = {isa = PBXBuildFile; fileRef = 2CB387DD24512F3A00BD1907 /* DetailNewsStoryVC.swift */; };
		2CB863892457B85B009B65A1 /* NetworkManager.swift in Sources */ = {isa = PBXBuildFile; fileRef = 2CB863882457B85B009B65A1 /* NetworkManager.swift */; };
		2CB8638C2457B870009B65A1 /* NewSources.swift in Sources */ = {isa = PBXBuildFile; fileRef = 2CB8638B2457B870009B65A1 /* NewSources.swift */; };
/* End PBXBuildFile section */

/* Begin PBXFileReference section */
		2C7376E9245109890072F55F /* News API.app */ = {isa = PBXFileReference; explicitFileType = wrapper.application; includeInIndex = 0; path = "News API.app"; sourceTree = BUILT_PRODUCTS_DIR; };
		2C7376EC245109890072F55F /* AppDelegate.swift */ = {isa = PBXFileReference; lastKnownFileType = sourcecode.swift; path = AppDelegate.swift; sourceTree = "<group>"; };
		2C7376EE245109890072F55F /* SceneDelegate.swift */ = {isa = PBXFileReference; lastKnownFileType = sourcecode.swift; path = SceneDelegate.swift; sourceTree = "<group>"; };
		2C7376F0245109890072F55F /* CategoryVC.swift */ = {isa = PBXFileReference; lastKnownFileType = sourcecode.swift; path = CategoryVC.swift; sourceTree = "<group>"; };
		2C7376F3245109890072F55F /* Base */ = {isa = PBXFileReference; lastKnownFileType = file.storyboard; name = Base; path = Base.lproj/Main.storyboard; sourceTree = "<group>"; };
		2C7376F52451098B0072F55F /* Assets.xcassets */ = {isa = PBXFileReference; lastKnownFileType = folder.assetcatalog; path = Assets.xcassets; sourceTree = "<group>"; };
		2C7376F82451098B0072F55F /* Base */ = {isa = PBXFileReference; lastKnownFileType = file.storyboard; name = Base; path = Base.lproj/LaunchScreen.storyboard; sourceTree = "<group>"; };
		2C7376FA2451098B0072F55F /* Info.plist */ = {isa = PBXFileReference; lastKnownFileType = text.plist.xml; path = Info.plist; sourceTree = "<group>"; };
		2C73770024510D3A0072F55F /* CategoryCell.swift */ = {isa = PBXFileReference; lastKnownFileType = sourcecode.swift; path = CategoryCell.swift; sourceTree = "<group>"; };
		2C73770124510D3A0072F55F /* CategoryCell.xib */ = {isa = PBXFileReference; lastKnownFileType = file.xib; path = CategoryCell.xib; sourceTree = "<group>"; };
		2C7377042451149F0072F55F /* HeadlinesVC.swift */ = {isa = PBXFileReference; lastKnownFileType = sourcecode.swift; path = HeadlinesVC.swift; sourceTree = "<group>"; };
		2C737708245115CB0072F55F /* HeadlinesCell.swift */ = {isa = PBXFileReference; lastKnownFileType = sourcecode.swift; path = HeadlinesCell.swift; sourceTree = "<group>"; };
		2CB387DB24512BAA00BD1907 /* TableViewCell.swift */ = {isa = PBXFileReference; lastKnownFileType = sourcecode.swift; path = TableViewCell.swift; sourceTree = "<group>"; };
		2CB387DD24512F3A00BD1907 /* DetailNewsStoryVC.swift */ = {isa = PBXFileReference; lastKnownFileType = sourcecode.swift; path = DetailNewsStoryVC.swift; sourceTree = "<group>"; };
		2CB863882457B85B009B65A1 /* NetworkManager.swift */ = {isa = PBXFileReference; lastKnownFileType = sourcecode.swift; path = NetworkManager.swift; sourceTree = "<group>"; };
		2CB8638B2457B870009B65A1 /* NewSources.swift */ = {isa = PBXFileReference; lastKnownFileType = sourcecode.swift; path = NewSources.swift; sourceTree = "<group>"; };
/* End PBXFileReference section */

/* Begin PBXFrameworksBuildPhase section */
		2C7376E6245109890072F55F /* Frameworks */ = {
			isa = PBXFrameworksBuildPhase;
			buildActionMask = 2147483647;
			files = (
			);
			runOnlyForDeploymentPostprocessing = 0;
		};
/* End PBXFrameworksBuildPhase section */

/* Begin PBXGroup section */
		2C7376E0245109890072F55F = {
			isa = PBXGroup;
			children = (
				2C7376EB245109890072F55F /* News API */,
				2C7376EA245109890072F55F /* Products */,
			);
			sourceTree = "<group>";
		};
		2C7376EA245109890072F55F /* Products */ = {
			isa = PBXGroup;
			children = (
				2C7376E9245109890072F55F /* News API.app */,
			);
			name = Products;
			sourceTree = "<group>";
		};
		2C7376EB245109890072F55F /* News API */ = {
			isa = PBXGroup;
			children = (
				2C7376EC245109890072F55F /* AppDelegate.swift */,
				2C7376EE245109890072F55F /* SceneDelegate.swift */,
				2CB8638D2457B876009B65A1 /* Model */,
				2CB8638A2457B85F009B65A1 /* Network */,
				2C737706245114AF0072F55F /* Controller */,
				2C737707245114B90072F55F /* View */,
				2C7376F52451098B0072F55F /* Assets.xcassets */,
				2C7376F72451098B0072F55F /* LaunchScreen.storyboard */,
				2C7376FA2451098B0072F55F /* Info.plist */,
			);
			path = "News API";
			sourceTree = "<group>";
		};
		2C737706245114AF0072F55F /* Controller */ = {
			isa = PBXGroup;
			children = (
				2C7376F0245109890072F55F /* CategoryVC.swift */,
				2C7377042451149F0072F55F /* HeadlinesVC.swift */,
				2CB387DD24512F3A00BD1907 /* DetailNewsStoryVC.swift */,
			);
			path = Controller;
			sourceTree = "<group>";
		};
		2C737707245114B90072F55F /* View */ = {
			isa = PBXGroup;
			children = (
				2C7376F2245109890072F55F /* Main.storyboard */,
				2C73770024510D3A0072F55F /* CategoryCell.swift */,
				2C73770124510D3A0072F55F /* CategoryCell.xib */,
				2C737708245115CB0072F55F /* HeadlinesCell.swift */,
				2CB387DB24512BAA00BD1907 /* TableViewCell.swift */,
			);
			path = View;
			sourceTree = "<group>";
		};
		2CB8638A2457B85F009B65A1 /* Network */ = {
			isa = PBXGroup;
			children = (
				2CB863882457B85B009B65A1 /* NetworkManager.swift */,
			);
			path = Network;
			sourceTree = "<group>";
		};
		2CB8638D2457B876009B65A1 /* Model */ = {
			isa = PBXGroup;
			children = (
				2CB8638B2457B870009B65A1 /* NewSources.swift */,
			);
			path = Model;
			sourceTree = "<group>";
		};
/* End PBXGroup section */

/* Begin PBXNativeTarget section */
		2C7376E8245109890072F55F /* News API */ = {
			isa = PBXNativeTarget;
			buildConfigurationList = 2C7376FD2451098B0072F55F /* Build configuration list for PBXNativeTarget "News API" */;
			buildPhases = (
				2C7376E5245109890072F55F /* Sources */,
				2C7376E6245109890072F55F /* Frameworks */,
				2C7376E7245109890072F55F /* Resources */,
			);
			buildRules = (
			);
			dependencies = (
			);
			name = "News API";
			productName = "News API";
			productReference = 2C7376E9245109890072F55F /* News API.app */;
			productType = "com.apple.product-type.application";
		};
/* End PBXNativeTarget section */

/* Begin PBXProject section */
		2C7376E1245109890072F55F /* Project object */ = {
			isa = PBXProject;
			attributes = {
				LastSwiftUpdateCheck = 1130;
				LastUpgradeCheck = 1130;
				ORGANIZATIONNAME = "Make School";
				TargetAttributes = {
					2C7376E8245109890072F55F = {
						CreatedOnToolsVersion = 11.3.1;
					};
				};
			};
			buildConfigurationList = 2C7376E4245109890072F55F /* Build configuration list for PBXProject "News API" */;
			compatibilityVersion = "Xcode 9.3";
			developmentRegion = en;
			hasScannedForEncodings = 0;
			knownRegions = (
				en,
				Base,
			);
			mainGroup = 2C7376E0245109890072F55F;
			productRefGroup = 2C7376EA245109890072F55F /* Products */;
			projectDirPath = "";
			projectRoot = "";
			targets = (
				2C7376E8245109890072F55F /* News API */,
			);
		};
/* End PBXProject section */

/* Begin PBXResourcesBuildPhase section */
		2C7376E7245109890072F55F /* Resources */ = {
			isa = PBXResourcesBuildPhase;
			buildActionMask = 2147483647;
			files = (
				2C7376F92451098B0072F55F /* LaunchScreen.storyboard in Resources */,
				2C7376F62451098B0072F55F /* Assets.xcassets in Resources */,
				2C7376F4245109890072F55F /* Main.storyboard in Resources */,
				2C73770324510D3A0072F55F /* CategoryCell.xib in Resources */,
			);
			runOnlyForDeploymentPostprocessing = 0;
		};
/* End PBXResourcesBuildPhase section */

/* Begin PBXSourcesBuildPhase section */
		2C7376E5245109890072F55F /* Sources */ = {
			isa = PBXSourcesBuildPhase;
			buildActionMask = 2147483647;
			files = (
				2CB863892457B85B009B65A1 /* NetworkManager.swift in Sources */,
				2C7376F1245109890072F55F /* CategoryVC.swift in Sources */,
				2C737709245115CB0072F55F /* HeadlinesCell.swift in Sources */,
				2C7376ED245109890072F55F /* AppDelegate.swift in Sources */,
				2C7377052451149F0072F55F /* HeadlinesVC.swift in Sources */,
				2CB8638C2457B870009B65A1 /* NewSources.swift in Sources */,
				2CB387DE24512F3A00BD1907 /* DetailNewsStoryVC.swift in Sources */,
				2C7376EF245109890072F55F /* SceneDelegate.swift in Sources */,
				2CB387DC24512BAA00BD1907 /* TableViewCell.swift in Sources */,
				2C73770224510D3A0072F55F /* CategoryCell.swift in Sources */,
			);
			runOnlyForDeploymentPostprocessing = 0;
		};
/* End PBXSourcesBuildPhase section */

/* Begin PBXVariantGroup section */
		2C7376F2245109890072F55F /* Main.storyboard */ = {
			isa = PBXVariantGroup;
			children = (
				2C7376F3245109890072F55F /* Base */,
			);
			name = Main.storyboard;
			sourceTree = "<group>";
		};
		2C7376F72451098B0072F55F /* LaunchScreen.storyboard */ = {
			isa = PBXVariantGroup;
			children = (
				2C7376F82451098B0072F55F /* Base */,
			);
			name = LaunchScreen.storyboard;
			sourceTree = "<group>";
		};
/* End PBXVariantGroup section */

/* Begin XCBuildConfiguration section */
		2C7376FB2451098B0072F55F /* Debug */ = {
			isa = XCBuildConfiguration;
			buildSettings = {
				ALWAYS_SEARCH_USER_PATHS = NO;
				CLANG_ANALYZER_NONNULL = YES;
				CLANG_ANALYZER_NUMBER_OBJECT_CONVERSION = YES_AGGRESSIVE;
				CLANG_CXX_LANGUAGE_STANDARD = "gnu++14";
				CLANG_CXX_LIBRARY = "libc++";
				CLANG_ENABLE_MODULES = YES;
				CLANG_ENABLE_OBJC_ARC = YES;
				CLANG_ENABLE_OBJC_WEAK = YES;
				CLANG_WARN_BLOCK_CAPTURE_AUTORELEASING = YES;
				CLANG_WARN_BOOL_CONVERSION = YES;
				CLANG_WARN_COMMA = YES;
				CLANG_WARN_CONSTANT_CONVERSION = YES;
				CLANG_WARN_DEPRECATED_OBJC_IMPLEMENTATIONS = YES;
				CLANG_WARN_DIRECT_OBJC_ISA_USAGE = YES_ERROR;
				CLANG_WARN_DOCUMENTATION_COMMENTS = YES;
				CLANG_WARN_EMPTY_BODY = YES;
				CLANG_WARN_ENUM_CONVERSION = YES;
				CLANG_WARN_INFINITE_RECURSION = YES;
				CLANG_WARN_INT_CONVERSION = YES;
				CLANG_WARN_NON_LITERAL_NULL_CONVERSION = YES;
				CLANG_WARN_OBJC_IMPLICIT_RETAIN_SELF = YES;
				CLANG_WARN_OBJC_LITERAL_CONVERSION = YES;
				CLANG_WARN_OBJC_ROOT_CLASS = YES_ERROR;
				CLANG_WARN_RANGE_LOOP_ANALYSIS = YES;
				CLANG_WARN_STRICT_PROTOTYPES = YES;
				CLANG_WARN_SUSPICIOUS_MOVE = YES;
				CLANG_WARN_UNGUARDED_AVAILABILITY = YES_AGGRESSIVE;
				CLANG_WARN_UNREACHABLE_CODE = YES;
				CLANG_WARN__DUPLICATE_METHOD_MATCH = YES;
				COPY_PHASE_STRIP = NO;
				DEBUG_INFORMATION_FORMAT = dwarf;
				ENABLE_STRICT_OBJC_MSGSEND = YES;
				ENABLE_TESTABILITY = YES;
				GCC_C_LANGUAGE_STANDARD = gnu11;
				GCC_DYNAMIC_NO_PIC = NO;
				GCC_NO_COMMON_BLOCKS = YES;
				GCC_OPTIMIZATION_LEVEL = 0;
				GCC_PREPROCESSOR_DEFINITIONS = (
					"DEBUG=1",
					"$(inherited)",
				);
				GCC_WARN_64_TO_32_BIT_CONVERSION = YES;
				GCC_WARN_ABOUT_RETURN_TYPE = YES_ERROR;
				GCC_WARN_UNDECLARED_SELECTOR = YES;
				GCC_WARN_UNINITIALIZED_AUTOS = YES_AGGRESSIVE;
				GCC_WARN_UNUSED_FUNCTION = YES;
				GCC_WARN_UNUSED_VARIABLE = YES;
				IPHONEOS_DEPLOYMENT_TARGET = 13.2;
				MTL_ENABLE_DEBUG_INFO = INCLUDE_SOURCE;
				MTL_FAST_MATH = YES;
				ONLY_ACTIVE_ARCH = YES;
				SDKROOT = iphoneos;
				SWIFT_ACTIVE_COMPILATION_CONDITIONS = DEBUG;
				SWIFT_OPTIMIZATION_LEVEL = "-Onone";
			};
			name = Debug;
		};
		2C7376FC2451098B0072F55F /* Release */ = {
			isa = XCBuildConfiguration;
			buildSettings = {
				ALWAYS_SEARCH_USER_PATHS = NO;
				CLANG_ANALYZER_NONNULL = YES;
				CLANG_ANALYZER_NUMBER_OBJECT_CONVERSION = YES_AGGRESSIVE;
				CLANG_CXX_LANGUAGE_STANDARD = "gnu++14";
				CLANG_CXX_LIBRARY = "libc++";
				CLANG_ENABLE_MODULES = YES;
				CLANG_ENABLE_OBJC_ARC = YES;
				CLANG_ENABLE_OBJC_WEAK = YES;
				CLANG_WARN_BLOCK_CAPTURE_AUTORELEASING = YES;
				CLANG_WARN_BOOL_CONVERSION = YES;
				CLANG_WARN_COMMA = YES;
				CLANG_WARN_CONSTANT_CONVERSION = YES;
				CLANG_WARN_DEPRECATED_OBJC_IMPLEMENTATIONS = YES;
				CLANG_WARN_DIRECT_OBJC_ISA_USAGE = YES_ERROR;
				CLANG_WARN_DOCUMENTATION_COMMENTS = YES;
				CLANG_WARN_EMPTY_BODY = YES;
				CLANG_WARN_ENUM_CONVERSION = YES;
				CLANG_WARN_INFINITE_RECURSION = YES;
				CLANG_WARN_INT_CONVERSION = YES;
				CLANG_WARN_NON_LITERAL_NULL_CONVERSION = YES;
				CLANG_WARN_OBJC_IMPLICIT_RETAIN_SELF = YES;
				CLANG_WARN_OBJC_LITERAL_CONVERSION = YES;
				CLANG_WARN_OBJC_ROOT_CLASS = YES_ERROR;
				CLANG_WARN_RANGE_LOOP_ANALYSIS = YES;
				CLANG_WARN_STRICT_PROTOTYPES = YES;
				CLANG_WARN_SUSPICIOUS_MOVE = YES;
				CLANG_WARN_UNGUARDED_AVAILABILITY = YES_AGGRESSIVE;
				CLANG_WARN_UNREACHABLE_CODE = YES;
				CLANG_WARN__DUPLICATE_METHOD_MATCH = YES;
				COPY_PHASE_STRIP = NO;
				DEBUG_INFORMATION_FORMAT = "dwarf-with-dsym";
				ENABLE_NS_ASSERTIONS = NO;
				ENABLE_STRICT_OBJC_MSGSEND = YES;
				GCC_C_LANGUAGE_STANDARD = gnu11;
				GCC_NO_COMMON_BLOCKS = YES;
				GCC_WARN_64_TO_32_BIT_CONVERSION = YES;
				GCC_WARN_ABOUT_RETURN_TYPE = YES_ERROR;
				GCC_WARN_UNDECLARED_SELECTOR = YES;
				GCC_WARN_UNINITIALIZED_AUTOS = YES_AGGRESSIVE;
				GCC_WARN_UNUSED_FUNCTION = YES;
				GCC_WARN_UNUSED_VARIABLE = YES;
				IPHONEOS_DEPLOYMENT_TARGET = 13.2;
				MTL_ENABLE_DEBUG_INFO = NO;
				MTL_FAST_MATH = YES;
				SDKROOT = iphoneos;
				SWIFT_COMPILATION_MODE = wholemodule;
				SWIFT_OPTIMIZATION_LEVEL = "-O";
				VALIDATE_PRODUCT = YES;
			};
			name = Release;
		};
		2C7376FE2451098B0072F55F /* Debug */ = {
			isa = XCBuildConfiguration;
			buildSettings = {
				ASSETCATALOG_COMPILER_APPICON_NAME = AppIcon;
				CODE_SIGN_STYLE = Automatic;
				INFOPLIST_FILE = "News API/Info.plist";
				LD_RUNPATH_SEARCH_PATHS = (
					"$(inherited)",
					"@executable_path/Frameworks",
				);
				PRODUCT_BUNDLE_IDENTIFIER = "com.makeschool.News-API";
				PRODUCT_NAME = "$(TARGET_NAME)";
				SWIFT_VERSION = 5.0;
				TARGETED_DEVICE_FAMILY = "1,2";
			};
			name = Debug;
		};
		2C7376FF2451098B0072F55F /* Release */ = {
			isa = XCBuildConfiguration;
			buildSettings = {
				ASSETCATALOG_COMPILER_APPICON_NAME = AppIcon;
				CODE_SIGN_STYLE = Automatic;
				INFOPLIST_FILE = "News API/Info.plist";
				LD_RUNPATH_SEARCH_PATHS = (
					"$(inherited)",
					"@executable_path/Frameworks",
				);
				PRODUCT_BUNDLE_IDENTIFIER = "com.makeschool.News-API";
				PRODUCT_NAME = "$(TARGET_NAME)";
				SWIFT_VERSION = 5.0;
				TARGETED_DEVICE_FAMILY = "1,2";
			};
			name = Release;
		};
/* End XCBuildConfiguration section */

/* Begin XCConfigurationList section */
		2C7376E4245109890072F55F /* Build configuration list for PBXProject "News API" */ = {
			isa = XCConfigurationList;
			buildConfigurations = (
				2C7376FB2451098B0072F55F /* Debug */,
				2C7376FC2451098B0072F55F /* Release */,
			);
			defaultConfigurationIsVisible = 0;
			defaultConfigurationName = Release;
		};
		2C7376FD2451098B0072F55F /* Build configuration list for PBXNativeTarget "News API" */ = {
			isa = XCConfigurationList;
			buildConfigurations = (
				2C7376FE2451098B0072F55F /* Debug */,
				2C7376FF2451098B0072F55F /* Release */,
			);
			defaultConfigurationIsVisible = 0;
			defaultConfigurationName = Release;
		};
/* End XCConfigurationList section */
	};
	rootObject = 2C7376E1245109890072F55F /* Project object */;
}
